
Microsoft Visual Studio Solution File, Format Version 12.00
# Visual Studio Version 16
VisualStudioVersion = 16.0.30611.23
MinimumVisualStudioVersion = 10.0.40219.1
Project("{FAE04EC0-301F-11D3-BF4B-00C04F79EFBC}") = "Joint.Logging", "Joint.Logging\Joint.Logging.csproj", "{51ADED94-BBD9-4C75-9CE1-EFC7DC1D86AB}"
EndProject
Global
	GlobalSection(SolutionConfigurationPlatforms) = preSolution
		Debug|Any CPU = Debug|Any CPU
		Release|Any CPU = Release|Any CPU
	EndGlobalSection
	GlobalSection(ProjectConfigurationPlatforms) = postSolution
		{51ADED94-BBD9-4C75-9CE1-EFC7DC1D86AB}.Debug|Any CPU.ActiveCfg = Debug|Any CPU
		{51ADED94-BBD9-4C75-9CE1-EFC7DC1D86AB}.Debug|Any CPU.Build.0 = Debug|Any CPU
		{51ADED94-BBD9-4C75-9CE1-EFC7DC1D86AB}.Release|Any CPU.ActiveCfg = Release|Any CPU
		{51ADED94-BBD9-4C75-9CE1-EFC7DC1D86AB}.Release|Any CPU.Build.0 = Release|Any CPU
	EndGlobalSection
	GlobalSection(SolutionProperties) = preSolution
		HideSolutionNode = FALSE
	EndGlobalSection
	GlobalSection(ExtensibilityGlobals) = postSolution
		SolutionGuid = {0BF9449E-A043-4C9A-8A9B-E24BB327DB08}
	EndGlobalSection
EndGlobal
